<?xml version="1.0" encoding="utf-8"?>
<Project ToolsVersion="4.0" xmlns="http://schemas.microsoft.com/developer/msbuild/2003">
  <ItemGroup>
    <Filter Include="Source Files">
      <UniqueIdentifier>{4FC737F1-C7A5-4376-A066-2A32D752A2FF}</UniqueIdentifier>
      <Extensions>cpp;c;cc;cxx;def;odl;idl;hpj;bat;asm;asmx</Extensions>
    </Filter>
    <Filter Include="Header Files">
      <UniqueIdentifier>{93995380-89BD-4b04-88EB-625FBE52EBFB}</UniqueIdentifier>
      <Extensions>h;hh;hpp;hxx;hm;inl;inc;ipp;xsd</Extensions>
    </Filter>
    <Filter Include="Resource Files">
      <UniqueIdentifier>{67DA6AB6-F800-4c08-8B7A-83BB121AAD01}</UniqueIdentifier>
      <Extensions>rc;ico;cur;bmp;dlg;rc2;rct;bin;rgs;gif;jpg;jpeg;jpe;resx;tiff;tif;png;wav;mfcribbon-ms</Extensions>
    </Filter>
    <Filter Include="Source Files\Weapons">
      <UniqueIdentifier>{85fbb1a2-edb5-4de5-9965-49605b57546a}</UniqueIdentifier>
    </Filter>
  </ItemGroup>
  <ItemGroup>
    <ClCompile Include="..\src\mood.cpp">
      <Filter>Source Files</Filter>
    </ClCompile>
    <ClCompile Include="..\src\AutomaticEC.cpp">
      <Filter>Source Files</Filter>
    </ClCompile>
    <ClCompile Include="..\src\BulletC.cpp">
      <Filter>Source Files</Filter>
    </ClCompile>
    <ClCompile Include="..\src\DestroyAfterSecsEC.cpp">
      <Filter>Source Files</Filter>
    </ClCompile>
    <ClCompile Include="..\src\EnemyBehaviourEC.cpp">
      <Filter>Source Files</Filter>
    </ClCompile>
    <ClCompile Include="..\src\GunPowerUpC.cpp">
      <Filter>Source Files</Filter>
    </ClCompile>
    <ClCompile Include="..\src\ImmediatePowerUpEC.cpp">
      <Filter>Source Files</Filter>
    </ClCompile>
    <ClCompile Include="..\src\IncreaseSpeedEC.cpp">
      <Filter>Source Files</Filter>
    </ClCompile>
    <ClCompile Include="..\src\InfiniteAmmoEC.cpp">
      <Filter>Source Files</Filter>
    </ClCompile>
    <ClCompile Include="..\src\InstakillEC.cpp">
      <Filter>Source Files</Filter>
    </ClCompile>
    <ClCompile Include="..\src\InvulnerabilityShield.cpp">
      <Filter>Source Files</Filter>
    </ClCompile>
    <ClCompile Include="..\src\LifeC.cpp">
      <Filter>Source Files</Filter>
    </ClCompile>
    <ClCompile Include="..\src\MedkitEC.cpp">
      <Filter>Source Files</Filter>
    </ClCompile>
    <ClCompile Include="..\src\MeleeEnemyBehaviourEC.cpp">
      <Filter>Source Files</Filter>
    </ClCompile>
    <ClCompile Include="..\src\NukeEC.cpp">
      <Filter>Source Files</Filter>
    </ClCompile>
    <ClCompile Include="..\src\OnEPressPickUpIC.cpp">
      <Filter>Source Files</Filter>
    </ClCompile>
    <ClCompile Include="..\src\OrientateToMouseIC.cpp">
      <Filter>Source Files</Filter>
    </ClCompile>
    <ClCompile Include="..\src\PersistentPowerUpEC.cpp">
      <Filter>Source Files</Filter>
    </ClCompile>
    <ClCompile Include="..\src\PlayerMovementIC.cpp">
      <Filter>Source Files</Filter>
    </ClCompile>
    <ClCompile Include="..\src\PlayerShotIC.cpp">
      <Filter>Source Files</Filter>
    </ClCompile>
    <ClCompile Include="..\src\PowerUpC.cpp">
      <Filter>Source Files</Filter>
    </ClCompile>
    <ClCompile Include="..\src\PowerUpEC.cpp">
      <Filter>Source Files</Filter>
    </ClCompile>
    <ClCompile Include="..\src\PowerUpTrackerC.cpp">
      <Filter>Source Files</Filter>
    </ClCompile>
    <ClCompile Include="..\src\RangedEnemyBehaviourEC.cpp">
      <Filter>Source Files</Filter>
    </ClCompile>
    <ClCompile Include="..\src\SniperBulletC.cpp">
      <Filter>Source Files</Filter>
    </ClCompile>
    <ClCompile Include="..\src\SpawnerBulletsC.cpp">
      <Filter>Source Files</Filter>
    </ClCompile>
    <ClCompile Include="..\src\SpawnerEC.cpp">
      <Filter>Source Files</Filter>
    </ClCompile>
    <ClCompile Include="..\src\SpawnerEnemiesEC.cpp">
      <Filter>Source Files</Filter>
    </ClCompile>
    <ClCompile Include="..\src\SpawnerFloorRandomEC.cpp">
      <Filter>Source Files</Filter>
    </ClCompile>
    <ClCompile Include="..\src\WeaponControllerIC.cpp">
      <Filter>Source Files</Filter>
    </ClCompile>
    <ClCompile Include="..\src\BulletHurtPlayerEC.cpp">
      <Filter>Source Files</Filter>
    </ClCompile>
    <ClCompile Include="..\src\RoundManagerEC.cpp">
      <Filter>Source Files</Filter>
    </ClCompile>
    <ClCompile Include="..\src\RankingManagerC.cpp">
      <Filter>Source Files</Filter>
    </ClCompile>
    <ClCompile Include="..\src\ObstacleDestroyBulletEC.cpp">
      <Filter>Source Files</Filter>
    </ClCompile>
    <ClCompile Include="..\src\DeadManagerEC.cpp">
      <Filter>Source Files</Filter>
    </ClCompile>
    <ClCompile Include="..\src\HandGunC.cpp">
      <Filter>Source Files\Weapons</Filter>
    </ClCompile>
    <ClCompile Include="..\src\GunC.cpp">
      <Filter>Source Files\Weapons</Filter>
    </ClCompile>
    <ClCompile Include="..\src\SniperGunC.cpp">
      <Filter>Source Files\Weapons</Filter>
    </ClCompile>
    <ClCompile Include="..\src\ShotgunC.cpp">
      <Filter>Source Files\Weapons</Filter>
    </ClCompile>
    <ClCompile Include="..\src\AutomaticRifleC.cpp">
      <Filter>Source Files\Weapons</Filter>
    </ClCompile>
    <ClCompile Include="..\src\GuiRankingLabelC.cpp">
      <Filter>Source Files</Filter>
    </ClCompile>
  </ItemGroup>
  <ItemGroup>
    <ClInclude Include="..\src\AutomaticEC.h">
      <Filter>Source Files</Filter>
    </ClInclude>
    <ClInclude Include="..\src\BulletC.h">
      <Filter>Source Files</Filter>
    </ClInclude>
    <ClInclude Include="..\src\DestroyAfterSecsEC.h">
      <Filter>Source Files</Filter>
    </ClInclude>
    <ClInclude Include="..\src\EnemyBehaviourEC.h">
      <Filter>Source Files</Filter>
    </ClInclude>
    <ClInclude Include="..\src\GunPowerUpC.h">
      <Filter>Source Files</Filter>
    </ClInclude>
    <ClInclude Include="..\src\ImmediatePowerUpEC.h">
      <Filter>Source Files</Filter>
    </ClInclude>
    <ClInclude Include="..\src\IncreaseSpeedEC.h">
      <Filter>Source Files</Filter>
    </ClInclude>
    <ClInclude Include="..\src\InfiniteAmmoEC.h">
      <Filter>Source Files</Filter>
    </ClInclude>
    <ClInclude Include="..\src\InstakillEC.h">
      <Filter>Source Files</Filter>
    </ClInclude>
    <ClInclude Include="..\src\InvulnerabilityShield.h">
      <Filter>Source Files</Filter>
    </ClInclude>
    <ClInclude Include="..\src\LifeC.h">
      <Filter>Source Files</Filter>
    </ClInclude>
    <ClInclude Include="..\src\MedkitEC.h">
      <Filter>Source Files</Filter>
    </ClInclude>
    <ClInclude Include="..\src\MeleeEnemyBehaviourEC.h">
      <Filter>Source Files</Filter>
    </ClInclude>
    <ClInclude Include="..\src\NukeEC.h">
      <Filter>Source Files</Filter>
    </ClInclude>
    <ClInclude Include="..\src\OnEPressPickUpIC.h">
      <Filter>Source Files</Filter>
    </ClInclude>
    <ClInclude Include="..\src\OrientateToMouseIC.h">
      <Filter>Source Files</Filter>
    </ClInclude>
    <ClInclude Include="..\src\PersistentPowerUpEC.h">
      <Filter>Source Files</Filter>
    </ClInclude>
    <ClInclude Include="..\src\PlayerMovementIC.h">
      <Filter>Source Files</Filter>
    </ClInclude>
    <ClInclude Include="..\src\PlayerShotIC.h">
      <Filter>Source Files</Filter>
    </ClInclude>
    <ClInclude Include="..\src\PowerUpC.h">
      <Filter>Source Files</Filter>
    </ClInclude>
    <ClInclude Include="..\src\PowerUpEC.h">
      <Filter>Source Files</Filter>
    </ClInclude>
    <ClInclude Include="..\src\PowerUpTrackerC.h">
      <Filter>Source Files</Filter>
    </ClInclude>
    <ClInclude Include="..\src\RangedEnemyBehaviourEC.h">
      <Filter>Source Files</Filter>
    </ClInclude>
    <ClInclude Include="..\src\SniperBulletC.h">
      <Filter>Source Files</Filter>
    </ClInclude>
    <ClInclude Include="..\src\SpawnerBulletsC.h">
      <Filter>Source Files</Filter>
    </ClInclude>
    <ClInclude Include="..\src\SpawnerEC.h">
      <Filter>Source Files</Filter>
    </ClInclude>
    <ClInclude Include="..\src\SpawnerEnemiesEC.h">
      <Filter>Source Files</Filter>
    </ClInclude>
    <ClInclude Include="..\src\SpawnerFloorRandomEC.h">
      <Filter>Source Files</Filter>
    </ClInclude>
    <ClInclude Include="..\src\WeaponControllerIC.h">
      <Filter>Source Files</Filter>
    </ClInclude>
    <ClInclude Include="..\src\RoundManagerEC.h">
      <Filter>Source Files</Filter>
    </ClInclude>
    <ClInclude Include="..\src\BulletHurtPlayerEC.h">
      <Filter>Source Files</Filter>
    </ClInclude>
    <ClInclude Include="..\src\ObstacleDestroyBulletEC.h">
      <Filter>Source Files</Filter>
    </ClInclude>
    <ClInclude Include="..\src\RankingManagerC.h">
      <Filter>Source Files</Filter>
    </ClInclude>
    <ClInclude Include="..\src\DeadManagerEC.h">
      <Filter>Source Files</Filter>
    </ClInclude>
    <ClInclude Include="..\src\HandGunC.h">
      <Filter>Source Files\Weapons</Filter>
    </ClInclude>
    <ClInclude Include="..\src\GunC.h">
      <Filter>Source Files\Weapons</Filter>
    </ClInclude>
    <ClInclude Include="..\src\SniperGunC.h">
      <Filter>Source Files\Weapons</Filter>
    </ClInclude>
    <ClInclude Include="..\src\ShotgunC.h">
      <Filter>Source Files\Weapons</Filter>
    </ClInclude>
    <ClInclude Include="..\src\AutomaticRifleC.h">
      <Filter>Source Files\Weapons</Filter>
    </ClInclude>
    <ClInclude Include="..\src\GuiRankingLabelC.h">
      <Filter>Source Files</Filter>
    </ClInclude>
  </ItemGroup>
</Project>